<?xml version="1.0" encoding="utf-8"?>
<Project ToolsVersion="4.0" xmlns="http://schemas.microsoft.com/developer/msbuild/2003">
  <ItemGroup>
    <Filter Include="소스 파일">
      <UniqueIdentifier>{4FC737F1-C7A5-4376-A066-2A32D752A2FF}</UniqueIdentifier>
      <Extensions>cpp;c;cc;cxx;c++;cppm;ixx;def;odl;idl;hpj;bat;asm;asmx</Extensions>
    </Filter>
    <Filter Include="헤더 파일">
      <UniqueIdentifier>{93995380-89BD-4b04-88EB-625FBE52EBFB}</UniqueIdentifier>
      <Extensions>h;hh;hpp;hxx;h++;hm;inl;inc;ipp;xsd</Extensions>
    </Filter>
    <Filter Include="리소스 파일">
      <UniqueIdentifier>{67DA6AB6-F800-4c08-8B7A-83BB121AAD01}</UniqueIdentifier>
      <Extensions>rc;ico;cur;bmp;dlg;rc2;rct;bin;rgs;gif;jpg;jpeg;jpe;resx;tiff;tif;png;wav;mfcribbon-ms</Extensions>
    </Filter>
    <Filter Include="소스 파일\0x01_f">
      <UniqueIdentifier>{eca16f18-897b-4e4d-8495-57a756b33c11}</UniqueIdentifier>
    </Filter>
    <Filter Include="소스 파일\0x02_f">
      <UniqueIdentifier>{1c648443-d50d-489b-a3fa-817210df2a8c}</UniqueIdentifier>
    </Filter>
    <Filter Include="소스 파일\0x03_f">
      <UniqueIdentifier>{c38cb80d-387d-42b7-b1b1-61bb1f287990}</UniqueIdentifier>
    </Filter>
    <Filter Include="소스 파일\0x04_f">
      <UniqueIdentifier>{d66f15ae-325e-4b4c-89fe-8f3669b8d659}</UniqueIdentifier>
    </Filter>
    <Filter Include="소스 파일\0x05_f">
      <UniqueIdentifier>{190fbc33-8161-4be5-9407-e81cfa9e8abe}</UniqueIdentifier>
    </Filter>
    <Filter Include="소스 파일\0x06_f">
      <UniqueIdentifier>{8e8b820e-c3a0-4ad6-a36b-3b8214b2b12f}</UniqueIdentifier>
    </Filter>
    <Filter Include="소스 파일\0x07_f">
      <UniqueIdentifier>{3141023c-0b07-414a-a7a6-092e33ece3cd}</UniqueIdentifier>
    </Filter>
    <Filter Include="소스 파일\0x08_f">
      <UniqueIdentifier>{4bbfadaf-43bd-488f-a15b-11e7507bc705}</UniqueIdentifier>
    </Filter>
    <Filter Include="소스 파일\0x09_f">
      <UniqueIdentifier>{42e4c0a5-4464-44ea-92d4-2c54177ff26a}</UniqueIdentifier>
    </Filter>
    <Filter Include="소스 파일\0x0A_f">
      <UniqueIdentifier>{c9f7354d-a26b-4105-8eae-cbe152bc9cab}</UniqueIdentifier>
    </Filter>
    <Filter Include="소스 파일\0x0B_f">
      <UniqueIdentifier>{6a059b69-2f9e-468e-97bc-02c55b4bbfe7}</UniqueIdentifier>
    </Filter>
  </ItemGroup>
  <ItemGroup>
    <ClCompile Include="..\..\..\..\..\..\Desktop\BaaarkingDogCPP\BaaarkingDogCPP\0x01\1_1.cpp">
      <Filter>소스 파일\0x01_f</Filter>
    </ClCompile>
    <ClCompile Include="..\..\..\..\..\..\Desktop\BaaarkingDogCPP\BaaarkingDogCPP\0x01\1_2.cpp">
      <Filter>소스 파일\0x01_f</Filter>
    </ClCompile>
    <ClCompile Include="..\..\..\..\..\..\Desktop\BaaarkingDogCPP\BaaarkingDogCPP\0x01\1_3.cpp">
      <Filter>소스 파일\0x01_f</Filter>
    </ClCompile>
    <ClCompile Include="..\..\..\..\..\..\Desktop\BaaarkingDogCPP\BaaarkingDogCPP\0x01\1_4.cpp">
      <Filter>소스 파일\0x01_f</Filter>
    </ClCompile>
    <ClCompile Include="..\..\..\..\..\..\Desktop\BaaarkingDogCPP\BaaarkingDogCPP\0x02\b1000.cpp">
      <Filter>소스 파일\0x02_f</Filter>
    </ClCompile>
    <ClCompile Include="..\..\..\..\..\..\Desktop\BaaarkingDogCPP\BaaarkingDogCPP\0x02\b1267.cpp">
      <Filter>소스 파일\0x02_f</Filter>
    </ClCompile>
    <ClCompile Include="..\..\..\..\..\..\Desktop\BaaarkingDogCPP\BaaarkingDogCPP\0x02\b2309.cpp">
      <Filter>소스 파일\0x02_f</Filter>
    </ClCompile>
    <ClCompile Include="..\..\..\..\..\..\Desktop\BaaarkingDogCPP\BaaarkingDogCPP\0x02\b2438.cpp">
      <Filter>소스 파일\0x02_f</Filter>
    </ClCompile>
    <ClCompile Include="..\..\..\..\..\..\Desktop\BaaarkingDogCPP\BaaarkingDogCPP\0x02\b2439.cpp">
      <Filter>소스 파일\0x02_f</Filter>
    </ClCompile>
    <ClCompile Include="..\..\..\..\..\..\Desktop\BaaarkingDogCPP\BaaarkingDogCPP\0x02\b2440.cpp">
      <Filter>소스 파일\0x02_f</Filter>
    </ClCompile>
    <ClCompile Include="..\..\..\..\..\..\Desktop\BaaarkingDogCPP\BaaarkingDogCPP\0x02\b2441.cpp">
      <Filter>소스 파일\0x02_f</Filter>
    </ClCompile>
    <ClCompile Include="..\..\..\..\..\..\Desktop\BaaarkingDogCPP\BaaarkingDogCPP\0x02\b2442.cpp">
      <Filter>소스 파일\0x02_f</Filter>
    </ClCompile>
    <ClCompile Include="..\..\..\..\..\..\Desktop\BaaarkingDogCPP\BaaarkingDogCPP\0x02\b2443.cpp">
      <Filter>소스 파일\0x02_f</Filter>
    </ClCompile>
    <ClCompile Include="..\..\..\..\..\..\Desktop\BaaarkingDogCPP\BaaarkingDogCPP\0x02\b2444.cpp">
      <Filter>소스 파일\0x02_f</Filter>
    </ClCompile>
    <ClCompile Include="..\..\..\..\..\..\Desktop\BaaarkingDogCPP\BaaarkingDogCPP\0x02\b2445.cpp">
      <Filter>소스 파일\0x02_f</Filter>
    </ClCompile>
    <ClCompile Include="..\..\..\..\..\..\Desktop\BaaarkingDogCPP\BaaarkingDogCPP\0x02\b2446.cpp">
      <Filter>소스 파일\0x02_f</Filter>
    </ClCompile>
    <ClCompile Include="..\..\..\..\..\..\Desktop\BaaarkingDogCPP\BaaarkingDogCPP\0x02\b2480.cpp">
      <Filter>소스 파일\0x02_f</Filter>
    </ClCompile>
    <ClCompile Include="..\..\..\..\..\..\Desktop\BaaarkingDogCPP\BaaarkingDogCPP\0x02\b2480_2.cpp">
      <Filter>소스 파일\0x02_f</Filter>
    </ClCompile>
    <ClCompile Include="..\..\..\..\..\..\Desktop\BaaarkingDogCPP\BaaarkingDogCPP\0x02\b2480_3.cpp">
      <Filter>소스 파일\0x02_f</Filter>
    </ClCompile>
    <ClCompile Include="..\..\..\..\..\..\Desktop\BaaarkingDogCPP\BaaarkingDogCPP\0x02\b2490.cpp">
      <Filter>소스 파일\0x02_f</Filter>
    </ClCompile>
    <ClCompile Include="..\..\..\..\..\..\Desktop\BaaarkingDogCPP\BaaarkingDogCPP\0x02\b2562.cpp">
      <Filter>소스 파일\0x02_f</Filter>
    </ClCompile>
    <ClCompile Include="..\..\..\..\..\..\Desktop\BaaarkingDogCPP\BaaarkingDogCPP\0x02\b2562_2.cpp">
      <Filter>소스 파일\0x02_f</Filter>
    </ClCompile>
    <ClCompile Include="..\..\..\..\..\..\Desktop\BaaarkingDogCPP\BaaarkingDogCPP\0x02\b2576.cpp">
      <Filter>소스 파일\0x02_f</Filter>
    </ClCompile>
    <ClCompile Include="..\..\..\..\..\..\Desktop\BaaarkingDogCPP\BaaarkingDogCPP\0x02\b2577.cpp">
      <Filter>소스 파일\0x02_f</Filter>
    </ClCompile>
    <ClCompile Include="..\..\..\..\..\..\Desktop\BaaarkingDogCPP\BaaarkingDogCPP\0x02\b2587.cpp">
      <Filter>소스 파일\0x02_f</Filter>
    </ClCompile>
    <ClCompile Include="..\..\..\..\..\..\Desktop\BaaarkingDogCPP\BaaarkingDogCPP\0x02\b2752.cpp">
      <Filter>소스 파일\0x02_f</Filter>
    </ClCompile>
    <ClCompile Include="..\..\..\..\..\..\Desktop\BaaarkingDogCPP\BaaarkingDogCPP\0x02\b2753.cpp">
      <Filter>소스 파일\0x02_f</Filter>
    </ClCompile>
    <ClCompile Include="..\..\..\..\..\..\Desktop\BaaarkingDogCPP\BaaarkingDogCPP\0x02\b10093.cpp">
      <Filter>소스 파일\0x02_f</Filter>
    </ClCompile>
    <ClCompile Include="..\..\..\..\..\..\Desktop\BaaarkingDogCPP\BaaarkingDogCPP\0x02\b10171.cpp">
      <Filter>소스 파일\0x02_f</Filter>
    </ClCompile>
    <ClCompile Include="..\..\..\..\..\..\Desktop\BaaarkingDogCPP\BaaarkingDogCPP\0x02\b10804.cpp">
      <Filter>소스 파일\0x02_f</Filter>
    </ClCompile>
    <ClCompile Include="..\..\..\..\..\..\Desktop\BaaarkingDogCPP\BaaarkingDogCPP\0x02\b10871.cpp">
      <Filter>소스 파일\0x02_f</Filter>
    </ClCompile>
    <ClCompile Include="..\..\..\..\..\..\Desktop\BaaarkingDogCPP\BaaarkingDogCPP\0x02\b15552.cpp">
      <Filter>소스 파일\0x02_f</Filter>
    </ClCompile>
    <ClCompile Include="..\..\..\..\..\..\Desktop\BaaarkingDogCPP\BaaarkingDogCPP\0x03\3_b10808.cpp">
      <Filter>소스 파일\0x03_f</Filter>
    </ClCompile>
    <ClCompile Include="..\..\..\..\..\..\Desktop\BaaarkingDogCPP\BaaarkingDogCPP\0x03\3_vecEx.cpp">
      <Filter>소스 파일\0x03_f</Filter>
    </ClCompile>
    <ClCompile Include="..\..\..\..\..\..\Desktop\BaaarkingDogCPP\BaaarkingDogCPP\0x03\b10807.cpp">
      <Filter>소스 파일\0x03_f</Filter>
    </ClCompile>
    <ClCompile Include="4_test.cpp">
      <Filter>소스 파일\0x04_f</Filter>
    </ClCompile>
    <ClCompile Include="3_10807.cpp">
      <Filter>소스 파일\0x03_f</Filter>
    </ClCompile>
    <ClCompile Include="3_10807_2.cpp">
      <Filter>소스 파일\0x03_f</Filter>
    </ClCompile>
    <ClCompile Include="3_b11328.cpp">
      <Filter>소스 파일\0x03_f</Filter>
    </ClCompile>
    <ClCompile Include="3_b13300.cpp">
      <Filter>소스 파일\0x03_f</Filter>
    </ClCompile>
    <ClCompile Include="3_b1475.cpp">
      <Filter>소스 파일\0x03_f</Filter>
    </ClCompile>
    <ClCompile Include="3_b1919.cpp">
      <Filter>소스 파일\0x03_f</Filter>
    </ClCompile>
    <ClCompile Include="3_b1919_2.cpp">
      <Filter>소스 파일\0x03_f</Filter>
    </ClCompile>
    <ClCompile Include="3_b3273.cpp">
      <Filter>소스 파일\0x03_f</Filter>
    </ClCompile>
    <ClCompile Include="3_ThinkBigO.cpp">
      <Filter>소스 파일\0x03_f</Filter>
    </ClCompile>
    <ClCompile Include="review_b2309.cpp">
      <Filter>소스 파일\0x02_f</Filter>
    </ClCompile>
    <ClCompile Include="review_b2480.cpp">
      <Filter>소스 파일\0x02_f</Filter>
    </ClCompile>
    <ClCompile Include="4_list.cpp">
      <Filter>소스 파일\0x04_f</Filter>
    </ClCompile>
    <ClCompile Include="4_b1406_Editor.cpp">
      <Filter>소스 파일\0x04_f</Filter>
    </ClCompile>
    <ClCompile Include="4_b5397_editor.cpp">
      <Filter>소스 파일\0x04_f</Filter>
    </ClCompile>
    <ClCompile Include="4_b1158.cpp">
      <Filter>소스 파일\0x04_f</Filter>
    </ClCompile>
    <ClCompile Include="4_list_practice.cpp">
      <Filter>소스 파일\0x04_f</Filter>
    </ClCompile>
    <ClCompile Include="4_circularList.cpp">
      <Filter>소스 파일\0x04_f</Filter>
    </ClCompile>
    <ClCompile Include="4_1158_later!!!!.cpp">
      <Filter>소스 파일\0x04_f</Filter>
    </ClCompile>
    <ClCompile Include="5_stack.cpp">
      <Filter>소스 파일\0x05_f</Filter>
    </ClCompile>
    <ClCompile Include="5_stl_stack.cpp">
      <Filter>소스 파일\0x05_f</Filter>
    </ClCompile>
    <ClCompile Include="5_b10828.cpp">
      <Filter>소스 파일\0x05_f</Filter>
    </ClCompile>
    <ClCompile Include="5_b17298.cpp">
      <Filter>소스 파일\0x05_f</Filter>
    </ClCompile>
    <ClCompile Include="5_b10773.cpp">
      <Filter>소스 파일\0x05_f</Filter>
    </ClCompile>
    <ClCompile Include="5_b1874.cpp">
      <Filter>소스 파일\0x05_f</Filter>
    </ClCompile>
    <ClCompile Include="5_b2493_1struct.cpp">
      <Filter>소스 파일\0x05_f</Filter>
    </ClCompile>
    <ClCompile Include="5_b2493_2Pair.cpp">
      <Filter>소스 파일\0x05_f</Filter>
    </ClCompile>
    <ClCompile Include="5_b3015.cpp">
      <Filter>소스 파일\0x05_f</Filter>
    </ClCompile>
    <ClCompile Include="5_b3015later!!.cpp">
      <Filter>소스 파일\0x05_f</Filter>
    </ClCompile>
    <ClCompile Include="5_b6198.cpp">
      <Filter>소스 파일\0x05_f</Filter>
    </ClCompile>
    <ClCompile Include="5_b_17298_practice.cpp">
      <Filter>소스 파일\0x05_f</Filter>
    </ClCompile>
    <ClCompile Include="5_b2493_practice.cpp">
      <Filter>소스 파일\0x05_f</Filter>
    </ClCompile>
    <ClCompile Include="5_b1874_practice.cpp">
      <Filter>소스 파일\0x05_f</Filter>
    </ClCompile>
    <ClCompile Include="6_queue.cpp">
      <Filter>소스 파일\0x06_f</Filter>
    </ClCompile>
    <ClCompile Include="6_stlqueue.cpp">
      <Filter>소스 파일\0x06_f</Filter>
    </ClCompile>
    <ClCompile Include="6_b10845.cpp">
      <Filter>소스 파일\0x06_f</Filter>
    </ClCompile>
    <ClCompile Include="6_b18258.cpp">
      <Filter>소스 파일\0x06_f</Filter>
    </ClCompile>
    <ClCompile Include="6_b2164.cpp">
      <Filter>소스 파일\0x06_f</Filter>
    </ClCompile>
    <ClCompile Include="7_deque.cpp">
      <Filter>소스 파일\0x07_f</Filter>
    </ClCompile>
    <ClCompile Include="7_stldeque.cpp">
      <Filter>소스 파일\0x07_f</Filter>
    </ClCompile>
    <ClCompile Include="7_b10866.cpp">
      <Filter>소스 파일\0x07_f</Filter>
    </ClCompile>
    <ClCompile Include="7_b1021.cpp">
      <Filter>소스 파일\0x07_f</Filter>
    </ClCompile>
    <ClCompile Include="7_b5430_wrong.cpp">
      <Filter>소스 파일\0x07_f</Filter>
    </ClCompile>
    <ClCompile Include="b_stoiTest.cpp">
      <Filter>소스 파일\0x07_f</Filter>
    </ClCompile>
    <ClCompile Include="7_b5430_1.cpp">
      <Filter>소스 파일\0x07_f</Filter>
    </ClCompile>
    <ClCompile Include="7_b11003_wrong_agrain.cpp">
      <Filter>소스 파일\0x07_f</Filter>
    </ClCompile>
    <ClCompile Include="8_b4949.cpp">
      <Filter>소스 파일\0x08_f</Filter>
    </ClCompile>
    <ClCompile Include="4_b1158_re.cpp">
      <Filter>소스 파일\0x04_f</Filter>
    </ClCompile>
    <ClCompile Include="8_b10799.cpp">
      <Filter>소스 파일\0x08_f</Filter>
    </ClCompile>
    <ClCompile Include="8_b2504_re.cpp">
      <Filter>소스 파일\0x08_f</Filter>
    </ClCompile>
    <ClCompile Include="8_b3986.cpp">
      <Filter>소스 파일\0x08_f</Filter>
    </ClCompile>
    <ClCompile Include="8_b4889.cpp">
      <Filter>소스 파일\0x08_f</Filter>
    </ClCompile>
    <ClCompile Include="8_b9012.cpp">
      <Filter>소스 파일\0x08_f</Filter>
    </ClCompile>
    <ClCompile Include="9_bfs_memory.cpp">
      <Filter>소스 파일\0x09_f</Filter>
    </ClCompile>
    <ClCompile Include="9_bfs.cpp">
      <Filter>소스 파일\0x09_f</Filter>
    </ClCompile>
    <ClCompile Include="9_b1926.cpp">
      <Filter>소스 파일\0x09_f</Filter>
    </ClCompile>
    <ClCompile Include="9_b2178.cpp">
      <Filter>소스 파일\0x09_f</Filter>
    </ClCompile>
    <ClCompile Include="9_b2178_re!!!!.cpp">
      <Filter>소스 파일\0x09_f</Filter>
    </ClCompile>
    <ClCompile Include="9_b7576.cpp">
      <Filter>소스 파일\0x09_f</Filter>
    </ClCompile>
    <ClCompile Include="9_b7569.cpp">
      <Filter>소스 파일\0x09_f</Filter>
    </ClCompile>
    <ClCompile Include="9_b4179.cpp">
      <Filter>소스 파일\0x09_f</Filter>
    </ClCompile>
    <ClCompile Include="9_4179re!!!!.cpp">
      <Filter>소스 파일\0x09_f</Filter>
    </ClCompile>
    <ClCompile Include="8_b2504_re2.cpp">
      <Filter>소스 파일\0x08_f</Filter>
    </ClCompile>
    <ClCompile Include="9_b1697.cpp">
      <Filter>소스 파일\0x09_f</Filter>
    </ClCompile>
    <ClCompile Include="9_b1692_2.cpp">
      <Filter>소스 파일\0x09_f</Filter>
    </ClCompile>
    <ClCompile Include="9_b_1697re!!.cpp">
      <Filter>소스 파일\0x09_f</Filter>
    </ClCompile>
    <ClCompile Include="10_DFS.cpp">
      <Filter>소스 파일\0x0A_f</Filter>
    </ClCompile>
    <ClCompile Include="10_recursion_ex.cpp">
      <Filter>소스 파일\0x0B_f</Filter>
    </ClCompile>
    <ClCompile Include="10_recursion_ex2.cpp">
      <Filter>소스 파일\0x0B_f</Filter>
    </ClCompile>
  </ItemGroup>
</Project>